// !$*UTF8*$!
{
	archiveVersion = 1;
	classes = {
	};
	objectVersion = 50;
	objects = {

/* Begin PBXBuildFile section */
		CF13BF12241B7D090064E59A /* Blockable.swift in Sources */ = {isa = PBXBuildFile; fileRef = CF13BF11241B7D090064E59A /* Blockable.swift */; };
		CF2B4A82233A1A2A008DFAD4 /* Arrow.swift in Sources */ = {isa = PBXBuildFile; fileRef = CF8A75B323283F8B001582C7 /* Arrow.swift */; };
		CF2B4A83233A1A34008DFAD4 /* Circle.swift in Sources */ = {isa = PBXBuildFile; fileRef = CF8A75AB23283F08001582C7 /* Circle.swift */; };
		CF2B4A84233A1A3D008DFAD4 /* Graphic.swift in Sources */ = {isa = PBXBuildFile; fileRef = CF8A75A723279D3F001582C7 /* Graphic.swift */; };
		CF2B4A85233A1A54008DFAD4 /* LineSector.swift in Sources */ = {isa = PBXBuildFile; fileRef = CF8A75B82328DDAE001582C7 /* LineSector.swift */; };
		CF2B4A87233A1B83008DFAD4 /* GraphicsView.swift in Sources */ = {isa = PBXBuildFile; fileRef = CF8A75A923279E26001582C7 /* GraphicsView.swift */; };
		CF2B4A88233A1B95008DFAD4 /* Crosshairs.swift in Sources */ = {isa = PBXBuildFile; fileRef = CF8A75AF23283F58001582C7 /* Crosshairs.swift */; };
		CF2B4A89233A1BA5008DFAD4 /* CGPoint+.swift in Sources */ = {isa = PBXBuildFile; fileRef = CF8A75B62328413A001582C7 /* CGPoint+.swift */; };
		CF2B4A8A233A1BF6008DFAD4 /* Direction.swift in Sources */ = {isa = PBXBuildFile; fileRef = CF8A75BA2328E158001582C7 /* Direction.swift */; };
		CF2B4A8C233A1C3D008DFAD4 /* NSLayoutConstraint+.swift in Sources */ = {isa = PBXBuildFile; fileRef = CF8A75F6232C3AF0001582C7 /* NSLayoutConstraint+.swift */; };
		CF7656B52362E50000A7CD2E /* CGRect+.swift in Sources */ = {isa = PBXBuildFile; fileRef = CF7656B42362E50000A7CD2E /* CGRect+.swift */; };
		CF8A758B2322544F001582C7 /* AppDelegate.swift in Sources */ = {isa = PBXBuildFile; fileRef = CF8A758A2322544F001582C7 /* AppDelegate.swift */; };
		CF8A758D2322544F001582C7 /* RouteViewController.swift in Sources */ = {isa = PBXBuildFile; fileRef = CF8A758C2322544F001582C7 /* RouteViewController.swift */; };
		CF8A75902322544F001582C7 /* Main.storyboard in Resources */ = {isa = PBXBuildFile; fileRef = CF8A758E2322544F001582C7 /* Main.storyboard */; };
		CF8A75932322544F001582C7 /* RouteSimulator.xcdatamodeld in Sources */ = {isa = PBXBuildFile; fileRef = CF8A75912322544F001582C7 /* RouteSimulator.xcdatamodeld */; };
		CF8A759523225450001582C7 /* Assets.xcassets in Resources */ = {isa = PBXBuildFile; fileRef = CF8A759423225450001582C7 /* Assets.xcassets */; };
		CF8A759823225450001582C7 /* LaunchScreen.storyboard in Resources */ = {isa = PBXBuildFile; fileRef = CF8A759623225450001582C7 /* LaunchScreen.storyboard */; };
		CF8A75A223225659001582C7 /* MapViewZones.jpeg in Resources */ = {isa = PBXBuildFile; fileRef = CF8A75A123225659001582C7 /* MapViewZones.jpeg */; };
		CF8A75A823279D3F001582C7 /* Graphic.swift in Sources */ = {isa = PBXBuildFile; fileRef = CF8A75A723279D3F001582C7 /* Graphic.swift */; };
		CF8A75AA23279E26001582C7 /* GraphicsView.swift in Sources */ = {isa = PBXBuildFile; fileRef = CF8A75A923279E26001582C7 /* GraphicsView.swift */; };
		CF8A75AC23283F08001582C7 /* Circle.swift in Sources */ = {isa = PBXBuildFile; fileRef = CF8A75AB23283F08001582C7 /* Circle.swift */; };
		CF8A75B023283F58001582C7 /* Crosshairs.swift in Sources */ = {isa = PBXBuildFile; fileRef = CF8A75AF23283F58001582C7 /* Crosshairs.swift */; };
		CF8A75B423283F8B001582C7 /* Arrow.swift in Sources */ = {isa = PBXBuildFile; fileRef = CF8A75B323283F8B001582C7 /* Arrow.swift */; };
		CF8A75B72328413A001582C7 /* CGPoint+.swift in Sources */ = {isa = PBXBuildFile; fileRef = CF8A75B62328413A001582C7 /* CGPoint+.swift */; };
		CF8A75B92328DDAE001582C7 /* LineSector.swift in Sources */ = {isa = PBXBuildFile; fileRef = CF8A75B82328DDAE001582C7 /* LineSector.swift */; };
		CF8A75BB2328E158001582C7 /* Direction.swift in Sources */ = {isa = PBXBuildFile; fileRef = CF8A75BA2328E158001582C7 /* Direction.swift */; };
		CF8A75D823291013001582C7 /* RouteTests.swift in Sources */ = {isa = PBXBuildFile; fileRef = CF8A75D723291013001582C7 /* RouteTests.swift */; };
		CF8A75E6232A69BF001582C7 /* UIBot.swift in Sources */ = {isa = PBXBuildFile; fileRef = CF8A75E5232A69BF001582C7 /* UIBot.swift */; };
		CF8A75E8232A7A7C001582C7 /* BotTests.plist in Resources */ = {isa = PBXBuildFile; fileRef = CF8A75E7232A7A7C001582C7 /* BotTests.plist */; };
		CF8A75EC232AE02C001582C7 /* BotTestsDashboardViewController.swift in Sources */ = {isa = PBXBuildFile; fileRef = CF8A75EB232AE02C001582C7 /* BotTestsDashboardViewController.swift */; };
		CF8A75EE232AE134001582C7 /* DashedLineView.swift in Sources */ = {isa = PBXBuildFile; fileRef = CF8A75ED232AE134001582C7 /* DashedLineView.swift */; };
		CF8A75F7232C3AF0001582C7 /* NSLayoutConstraint+.swift in Sources */ = {isa = PBXBuildFile; fileRef = CF8A75F6232C3AF0001582C7 /* NSLayoutConstraint+.swift */; };
		CF8D0616234F86AD000C3882 /* TestOne.plist in Resources */ = {isa = PBXBuildFile; fileRef = CF8D0615234F86AD000C3882 /* TestOne.plist */; };
		CF8D0618234F872C000C3882 /* TestTwo.plist in Resources */ = {isa = PBXBuildFile; fileRef = CF8D0617234F872C000C3882 /* TestTwo.plist */; };
		CF8D061A234F87B0000C3882 /* TestThree.plist in Resources */ = {isa = PBXBuildFile; fileRef = CF8D0619234F87B0000C3882 /* TestThree.plist */; };
		CF8D061C234F8846000C3882 /* TestFour.plist in Resources */ = {isa = PBXBuildFile; fileRef = CF8D061B234F8846000C3882 /* TestFour.plist */; };
		CF8D061E234F8F4B000C3882 /* TestFive.plist in Resources */ = {isa = PBXBuildFile; fileRef = CF8D061D234F8F4B000C3882 /* TestFive.plist */; };
		CF8D0620234FB9A3000C3882 /* TestSix.plist in Resources */ = {isa = PBXBuildFile; fileRef = CF8D061F234FB9A3000C3882 /* TestSix.plist */; };
		CF8D062223507754000C3882 /* TestSeven.plist in Resources */ = {isa = PBXBuildFile; fileRef = CF8D062123507754000C3882 /* TestSeven.plist */; };
		CF981009233AA3780090AEDE /* UIBotSequence.swift in Sources */ = {isa = PBXBuildFile; fileRef = CF981008233AA3780090AEDE /* UIBotSequence.swift */; };
		CF98100B233AA3AD0090AEDE /* UIBotOperation.swift in Sources */ = {isa = PBXBuildFile; fileRef = CF98100A233AA3AD0090AEDE /* UIBotOperation.swift */; };
		CF98100D233B63AE0090AEDE /* UISequenceTest.swift in Sources */ = {isa = PBXBuildFile; fileRef = CF98100C233B63AE0090AEDE /* UISequenceTest.swift */; };
		CF981011233B7D990090AEDE /* UIBotTest.swift in Sources */ = {isa = PBXBuildFile; fileRef = CF981010233B7D990090AEDE /* UIBotTest.swift */; };
		CF981013233B7E7D0090AEDE /* Sequences.swift in Sources */ = {isa = PBXBuildFile; fileRef = CF981012233B7E7D0090AEDE /* Sequences.swift */; };
		CF98101B233D41480090AEDE /* Globals.swift in Sources */ = {isa = PBXBuildFile; fileRef = CF98101A233D41480090AEDE /* Globals.swift */; };
		CF98101C233D41910090AEDE /* Globals.swift in Sources */ = {isa = PBXBuildFile; fileRef = CF98101A233D41480090AEDE /* Globals.swift */; };
		CFCFBDA8241B895A006D442F /* Route.swift in Sources */ = {isa = PBXBuildFile; fileRef = CF8A75BC2328E5A2001582C7 /* Route.swift */; };
		CFF4D8C6235122B3001BC5AD /* TestEight.plist in Resources */ = {isa = PBXBuildFile; fileRef = CFF4D8C5235122B3001BC5AD /* TestEight.plist */; };
		CFF4D8C8235127CD001BC5AD /* TestNine.plist in Resources */ = {isa = PBXBuildFile; fileRef = CFF4D8C7235127CD001BC5AD /* TestNine.plist */; };
/* End PBXBuildFile section */

/* Begin PBXContainerItemProxy section */
		CF8A75DA23291013001582C7 /* PBXContainerItemProxy */ = {
			isa = PBXContainerItemProxy;
			containerPortal = CF8A757F2322544F001582C7 /* Project object */;
			proxyType = 1;
			remoteGlobalIDString = CF8A75862322544F001582C7;
			remoteInfo = RouteSimulator;
		};
/* End PBXContainerItemProxy section */

/* Begin PBXFileReference section */
		CF13BF11241B7D090064E59A /* Blockable.swift */ = {isa = PBXFileReference; lastKnownFileType = sourcecode.swift; path = Blockable.swift; sourceTree = "<group>"; };
		CF25E592234E7064004083F3 /* README.md */ = {isa = PBXFileReference; lastKnownFileType = net.daringfireball.markdown; path = README.md; sourceTree = "<group>"; };
		CF7656B42362E50000A7CD2E /* CGRect+.swift */ = {isa = PBXFileReference; lastKnownFileType = sourcecode.swift; path = "CGRect+.swift"; sourceTree = "<group>"; };
		CF8A75872322544F001582C7 /* RouteSimulator.app */ = {isa = PBXFileReference; explicitFileType = wrapper.application; includeInIndex = 0; path = RouteSimulator.app; sourceTree = BUILT_PRODUCTS_DIR; };
		CF8A758A2322544F001582C7 /* AppDelegate.swift */ = {isa = PBXFileReference; lastKnownFileType = sourcecode.swift; path = AppDelegate.swift; sourceTree = "<group>"; };
		CF8A758C2322544F001582C7 /* RouteViewController.swift */ = {isa = PBXFileReference; lastKnownFileType = sourcecode.swift; path = RouteViewController.swift; sourceTree = "<group>"; };
		CF8A758F2322544F001582C7 /* Base */ = {isa = PBXFileReference; lastKnownFileType = file.storyboard; name = Base; path = Base.lproj/Main.storyboard; sourceTree = "<group>"; };
		CF8A75922322544F001582C7 /* RouteSimulator.xcdatamodel */ = {isa = PBXFileReference; lastKnownFileType = wrapper.xcdatamodel; path = RouteSimulator.xcdatamodel; sourceTree = "<group>"; };
		CF8A759423225450001582C7 /* Assets.xcassets */ = {isa = PBXFileReference; lastKnownFileType = folder.assetcatalog; path = Assets.xcassets; sourceTree = "<group>"; };
		CF8A759723225450001582C7 /* Base */ = {isa = PBXFileReference; lastKnownFileType = file.storyboard; name = Base; path = Base.lproj/LaunchScreen.storyboard; sourceTree = "<group>"; };
		CF8A759923225450001582C7 /* Info.plist */ = {isa = PBXFileReference; lastKnownFileType = text.plist.xml; path = Info.plist; sourceTree = "<group>"; };
		CF8A75A123225659001582C7 /* MapViewZones.jpeg */ = {isa = PBXFileReference; lastKnownFileType = image.jpeg; path = MapViewZones.jpeg; sourceTree = "<group>"; };
		CF8A75A723279D3F001582C7 /* Graphic.swift */ = {isa = PBXFileReference; lastKnownFileType = sourcecode.swift; path = Graphic.swift; sourceTree = "<group>"; };
		CF8A75A923279E26001582C7 /* GraphicsView.swift */ = {isa = PBXFileReference; lastKnownFileType = sourcecode.swift; path = GraphicsView.swift; sourceTree = "<group>"; };
		CF8A75AB23283F08001582C7 /* Circle.swift */ = {isa = PBXFileReference; lastKnownFileType = sourcecode.swift; path = Circle.swift; sourceTree = "<group>"; };
		CF8A75AF23283F58001582C7 /* Crosshairs.swift */ = {isa = PBXFileReference; lastKnownFileType = sourcecode.swift; path = Crosshairs.swift; sourceTree = "<group>"; };
		CF8A75B323283F8B001582C7 /* Arrow.swift */ = {isa = PBXFileReference; lastKnownFileType = sourcecode.swift; path = Arrow.swift; sourceTree = "<group>"; };
		CF8A75B62328413A001582C7 /* CGPoint+.swift */ = {isa = PBXFileReference; lastKnownFileType = sourcecode.swift; path = "CGPoint+.swift"; sourceTree = "<group>"; };
		CF8A75B82328DDAE001582C7 /* LineSector.swift */ = {isa = PBXFileReference; lastKnownFileType = sourcecode.swift; path = LineSector.swift; sourceTree = "<group>"; };
		CF8A75BA2328E158001582C7 /* Direction.swift */ = {isa = PBXFileReference; lastKnownFileType = sourcecode.swift; path = Direction.swift; sourceTree = "<group>"; };
		CF8A75BC2328E5A2001582C7 /* Route.swift */ = {isa = PBXFileReference; lastKnownFileType = sourcecode.swift; path = Route.swift; sourceTree = "<group>"; };
		CF8A75D523291013001582C7 /* RouteSimulatorTests.xctest */ = {isa = PBXFileReference; explicitFileType = wrapper.cfbundle; includeInIndex = 0; path = RouteSimulatorTests.xctest; sourceTree = BUILT_PRODUCTS_DIR; };
		CF8A75D723291013001582C7 /* RouteTests.swift */ = {isa = PBXFileReference; lastKnownFileType = sourcecode.swift; path = RouteTests.swift; sourceTree = "<group>"; };
		CF8A75D923291013001582C7 /* Info.plist */ = {isa = PBXFileReference; lastKnownFileType = text.plist.xml; path = Info.plist; sourceTree = "<group>"; };
		CF8A75E5232A69BF001582C7 /* UIBot.swift */ = {isa = PBXFileReference; lastKnownFileType = sourcecode.swift; path = UIBot.swift; sourceTree = "<group>"; };
		CF8A75E7232A7A7C001582C7 /* BotTests.plist */ = {isa = PBXFileReference; lastKnownFileType = text.plist.xml; path = BotTests.plist; sourceTree = "<group>"; };
		CF8A75EB232AE02C001582C7 /* BotTestsDashboardViewController.swift */ = {isa = PBXFileReference; lastKnownFileType = sourcecode.swift; path = BotTestsDashboardViewController.swift; sourceTree = "<group>"; };
		CF8A75ED232AE134001582C7 /* DashedLineView.swift */ = {isa = PBXFileReference; lastKnownFileType = sourcecode.swift; path = DashedLineView.swift; sourceTree = "<group>"; };
		CF8A75F0232AEC24001582C7 /* QuartzCore.framework */ = {isa = PBXFileReference; lastKnownFileType = wrapper.framework; name = QuartzCore.framework; path = System/Library/Frameworks/QuartzCore.framework; sourceTree = SDKROOT; };
		CF8A75F6232C3AF0001582C7 /* NSLayoutConstraint+.swift */ = {isa = PBXFileReference; lastKnownFileType = sourcecode.swift; path = "NSLayoutConstraint+.swift"; sourceTree = "<group>"; };
		CF8A75F82331507D001582C7 /* MapBotReadme.md */ = {isa = PBXFileReference; lastKnownFileType = net.daringfireball.markdown; path = MapBotReadme.md; sourceTree = "<group>"; };
		CF8D0615234F86AD000C3882 /* TestOne.plist */ = {isa = PBXFileReference; lastKnownFileType = text.plist.xml; path = TestOne.plist; sourceTree = "<group>"; };
		CF8D0617234F872C000C3882 /* TestTwo.plist */ = {isa = PBXFileReference; lastKnownFileType = text.plist.xml; path = TestTwo.plist; sourceTree = "<group>"; };
		CF8D0619234F87B0000C3882 /* TestThree.plist */ = {isa = PBXFileReference; lastKnownFileType = text.plist.xml; path = TestThree.plist; sourceTree = "<group>"; };
		CF8D061B234F8846000C3882 /* TestFour.plist */ = {isa = PBXFileReference; lastKnownFileType = text.plist.xml; path = TestFour.plist; sourceTree = "<group>"; };
		CF8D061D234F8F4B000C3882 /* TestFive.plist */ = {isa = PBXFileReference; lastKnownFileType = text.plist.xml; path = TestFive.plist; sourceTree = "<group>"; };
		CF8D061F234FB9A3000C3882 /* TestSix.plist */ = {isa = PBXFileReference; lastKnownFileType = text.plist.xml; path = TestSix.plist; sourceTree = "<group>"; };
		CF8D062123507754000C3882 /* TestSeven.plist */ = {isa = PBXFileReference; lastKnownFileType = text.plist.xml; path = TestSeven.plist; sourceTree = "<group>"; };
		CF981008233AA3780090AEDE /* UIBotSequence.swift */ = {isa = PBXFileReference; lastKnownFileType = sourcecode.swift; path = UIBotSequence.swift; sourceTree = "<group>"; };
		CF98100A233AA3AD0090AEDE /* UIBotOperation.swift */ = {isa = PBXFileReference; lastKnownFileType = sourcecode.swift; path = UIBotOperation.swift; sourceTree = "<group>"; };
		CF98100C233B63AE0090AEDE /* UISequenceTest.swift */ = {isa = PBXFileReference; lastKnownFileType = sourcecode.swift; path = UISequenceTest.swift; sourceTree = "<group>"; };
		CF981010233B7D990090AEDE /* UIBotTest.swift */ = {isa = PBXFileReference; lastKnownFileType = sourcecode.swift; path = UIBotTest.swift; sourceTree = "<group>"; };
		CF981012233B7E7D0090AEDE /* Sequences.swift */ = {isa = PBXFileReference; lastKnownFileType = sourcecode.swift; path = Sequences.swift; sourceTree = "<group>"; };
		CF98101A233D41480090AEDE /* Globals.swift */ = {isa = PBXFileReference; lastKnownFileType = sourcecode.swift; path = Globals.swift; sourceTree = "<group>"; };
		CFF4D8C5235122B3001BC5AD /* TestEight.plist */ = {isa = PBXFileReference; lastKnownFileType = text.plist.xml; path = TestEight.plist; sourceTree = "<group>"; };
		CFF4D8C7235127CD001BC5AD /* TestNine.plist */ = {isa = PBXFileReference; lastKnownFileType = text.plist.xml; path = TestNine.plist; sourceTree = "<group>"; };
/* End PBXFileReference section */

/* Begin PBXFrameworksBuildPhase section */
		CF8A75842322544F001582C7 /* Frameworks */ = {
			isa = PBXFrameworksBuildPhase;
			buildActionMask = 2147483647;
			files = (
			);
			runOnlyForDeploymentPostprocessing = 0;
		};
		CF8A75D223291013001582C7 /* Frameworks */ = {
			isa = PBXFrameworksBuildPhase;
			buildActionMask = 2147483647;
			files = (
			);
			runOnlyForDeploymentPostprocessing = 0;
		};
/* End PBXFrameworksBuildPhase section */

/* Begin PBXGroup section */
		CF8951E5236370BE000D22C7 /* Geometry */ = {
			isa = PBXGroup;
			children = (
				CF8A75BA2328E158001582C7 /* Direction.swift */,
				CF8A75B82328DDAE001582C7 /* LineSector.swift */,
			);
			path = Geometry;
			sourceTree = "<group>";
		};
		CF8A757E2322544F001582C7 = {
			isa = PBXGroup;
			children = (
				CF25E592234E7064004083F3 /* README.md */,
				CF8A75892322544F001582C7 /* RouteSimulator */,
				CF8A75D623291013001582C7 /* RouteSimulatorTests */,
				CF8A75882322544F001582C7 /* Products */,
				CF8A75EF232AEC24001582C7 /* Frameworks */,
			);
			sourceTree = "<group>";
		};
		CF8A75882322544F001582C7 /* Products */ = {
			isa = PBXGroup;
			children = (
				CF8A75872322544F001582C7 /* RouteSimulator.app */,
				CF8A75D523291013001582C7 /* RouteSimulatorTests.xctest */,
			);
			name = Products;
			sourceTree = "<group>";
		};
		CF8A75892322544F001582C7 /* RouteSimulator */ = {
			isa = PBXGroup;
			children = (
				CF98101A233D41480090AEDE /* Globals.swift */,
				CF8A75B5232840A7001582C7 /* Graphics */,
				CF981007233AA3650090AEDE /* Bot-Testing */,
				CF8A758A2322544F001582C7 /* AppDelegate.swift */,
				CF8A758C2322544F001582C7 /* RouteViewController.swift */,
				CF8A75A923279E26001582C7 /* GraphicsView.swift */,
				CF8A75ED232AE134001582C7 /* DashedLineView.swift */,
				CF8A75E0232A5A77001582C7 /* Model */,
				CF8A758E2322544F001582C7 /* Main.storyboard */,
				CF8A759423225450001582C7 /* Assets.xcassets */,
				CF8A759623225450001582C7 /* LaunchScreen.storyboard */,
				CF8A759923225450001582C7 /* Info.plist */,
				CF8A75912322544F001582C7 /* RouteSimulator.xcdatamodeld */,
				CF8951E5236370BE000D22C7 /* Geometry */,
				CF8A75E1232A5A8C001582C7 /* Extensions */,
			);
			path = RouteSimulator;
			sourceTree = "<group>";
		};
		CF8A75B5232840A7001582C7 /* Graphics */ = {
			isa = PBXGroup;
			children = (
				CF8A75A723279D3F001582C7 /* Graphic.swift */,
				CF8A75B323283F8B001582C7 /* Arrow.swift */,
				CF8A75AB23283F08001582C7 /* Circle.swift */,
				CF8A75AF23283F58001582C7 /* Crosshairs.swift */,
			);
			path = Graphics;
			sourceTree = "<group>";
		};
		CF8A75D623291013001582C7 /* RouteSimulatorTests */ = {
			isa = PBXGroup;
			children = (
				CF8A75D723291013001582C7 /* RouteTests.swift */,
				CF98100C233B63AE0090AEDE /* UISequenceTest.swift */,
				CF981010233B7D990090AEDE /* UIBotTest.swift */,
				CF8A75D923291013001582C7 /* Info.plist */,
				CF981012233B7E7D0090AEDE /* Sequences.swift */,
			);
			path = RouteSimulatorTests;
			sourceTree = "<group>";
		};
		CF8A75E0232A5A77001582C7 /* Model */ = {
			isa = PBXGroup;
			children = (
				CF8A75BC2328E5A2001582C7 /* Route.swift */,
			);
			path = Model;
			sourceTree = "<group>";
		};
		CF8A75E1232A5A8C001582C7 /* Extensions */ = {
			isa = PBXGroup;
			children = (
				CF8A75B62328413A001582C7 /* CGPoint+.swift */,
				CF8A75F6232C3AF0001582C7 /* NSLayoutConstraint+.swift */,
				CF7656B42362E50000A7CD2E /* CGRect+.swift */,
			);
			path = Extensions;
			sourceTree = "<group>";
		};
		CF8A75EF232AEC24001582C7 /* Frameworks */ = {
			isa = PBXGroup;
			children = (
				CF8A75F0232AEC24001582C7 /* QuartzCore.framework */,
			);
			name = Frameworks;
			sourceTree = "<group>";
		};
		CF8D0614234F8687000C3882 /* BotTests */ = {
			isa = PBXGroup;
			children = (
				CF8A75A123225659001582C7 /* MapViewZones.jpeg */,
				CF8D0615234F86AD000C3882 /* TestOne.plist */,
				CF8D0617234F872C000C3882 /* TestTwo.plist */,
				CF8D0619234F87B0000C3882 /* TestThree.plist */,
				CF8D061B234F8846000C3882 /* TestFour.plist */,
				CF8D061D234F8F4B000C3882 /* TestFive.plist */,
				CF8D061F234FB9A3000C3882 /* TestSix.plist */,
				CF8D062123507754000C3882 /* TestSeven.plist */,
				CFF4D8C5235122B3001BC5AD /* TestEight.plist */,
				CFF4D8C7235127CD001BC5AD /* TestNine.plist */,
			);
			path = BotTests;
			sourceTree = "<group>";
		};
		CF981007233AA3650090AEDE /* Bot-Testing */ = {
			isa = PBXGroup;
			children = (
				CF8A75F82331507D001582C7 /* MapBotReadme.md */,
				CF8A75EB232AE02C001582C7 /* BotTestsDashboardViewController.swift */,
				CF8D0614234F8687000C3882 /* BotTests */,
				CF981008233AA3780090AEDE /* UIBotSequence.swift */,
				CF98100A233AA3AD0090AEDE /* UIBotOperation.swift */,
				CF8A75E5232A69BF001582C7 /* UIBot.swift */,
				CF13BF11241B7D090064E59A /* Blockable.swift */,
				CF8A75E7232A7A7C001582C7 /* BotTests.plist */,
			);
			path = "Bot-Testing";
			sourceTree = "<group>";
		};
/* End PBXGroup section */

/* Begin PBXNativeTarget section */
		CF8A75862322544F001582C7 /* RouteSimulator */ = {
			isa = PBXNativeTarget;
			buildConfigurationList = CF8A759C23225450001582C7 /* Build configuration list for PBXNativeTarget "RouteSimulator" */;
			buildPhases = (
				CF8A75832322544F001582C7 /* Sources */,
				CF8A75842322544F001582C7 /* Frameworks */,
				CF8A75852322544F001582C7 /* Resources */,
			);
			buildRules = (
			);
			dependencies = (
			);
			name = RouteSimulator;
			productName = RouteSimulator;
			productReference = CF8A75872322544F001582C7 /* RouteSimulator.app */;
			productType = "com.apple.product-type.application";
		};
		CF8A75D423291013001582C7 /* RouteSimulatorTests */ = {
			isa = PBXNativeTarget;
			buildConfigurationList = CF8A75DC23291013001582C7 /* Build configuration list for PBXNativeTarget "RouteSimulatorTests" */;
			buildPhases = (
				CF8A75D123291013001582C7 /* Sources */,
				CF8A75D223291013001582C7 /* Frameworks */,
				CF8A75D323291013001582C7 /* Resources */,
			);
			buildRules = (
			);
			dependencies = (
				CF8A75DB23291013001582C7 /* PBXTargetDependency */,
			);
			name = RouteSimulatorTests;
			productName = RouteSimulatorTests;
			productReference = CF8A75D523291013001582C7 /* RouteSimulatorTests.xctest */;
			productType = "com.apple.product-type.bundle.unit-test";
		};
/* End PBXNativeTarget section */

/* Begin PBXProject section */
		CF8A757F2322544F001582C7 /* Project object */ = {
			isa = PBXProject;
			attributes = {
				LastSwiftUpdateCheck = 1030;
				LastUpgradeCheck = 1030;
				ORGANIZATIONNAME = "Paul Patterson";
				TargetAttributes = {
					CF8A75862322544F001582C7 = {
						CreatedOnToolsVersion = 10.3;
					};
					CF8A75D423291013001582C7 = {
						CreatedOnToolsVersion = 10.3;
						TestTargetID = CF8A75862322544F001582C7;
					};
				};
			};
			buildConfigurationList = CF8A75822322544F001582C7 /* Build configuration list for PBXProject "RouteSimulator" */;
			compatibilityVersion = "Xcode 9.3";
			developmentRegion = en;
			hasScannedForEncodings = 0;
			knownRegions = (
				en,
				Base,
			);
			mainGroup = CF8A757E2322544F001582C7;
			productRefGroup = CF8A75882322544F001582C7 /* Products */;
			projectDirPath = "";
			projectRoot = "";
			targets = (
				CF8A75862322544F001582C7 /* RouteSimulator */,
				CF8A75D423291013001582C7 /* RouteSimulatorTests */,
			);
		};
/* End PBXProject section */

/* Begin PBXResourcesBuildPhase section */
		CF8A75852322544F001582C7 /* Resources */ = {
			isa = PBXResourcesBuildPhase;
			buildActionMask = 2147483647;
			files = (
				CF8D061E234F8F4B000C3882 /* TestFive.plist in Resources */,
				CF8D0618234F872C000C3882 /* TestTwo.plist in Resources */,
				CF8D0620234FB9A3000C3882 /* TestSix.plist in Resources */,
				CFF4D8C6235122B3001BC5AD /* TestEight.plist in Resources */,
				CF8A75E8232A7A7C001582C7 /* BotTests.plist in Resources */,
				CF8D062223507754000C3882 /* TestSeven.plist in Resources */,
				CF8D061A234F87B0000C3882 /* TestThree.plist in Resources */,
				CF8D061C234F8846000C3882 /* TestFour.plist in Resources */,
				CF8D0616234F86AD000C3882 /* TestOne.plist in Resources */,
				CF8A759823225450001582C7 /* LaunchScreen.storyboard in Resources */,
				CFF4D8C8235127CD001BC5AD /* TestNine.plist in Resources */,
				CF8A75A223225659001582C7 /* MapViewZones.jpeg in Resources */,
				CF8A759523225450001582C7 /* Assets.xcassets in Resources */,
				CF8A75902322544F001582C7 /* Main.storyboard in Resources */,
			);
			runOnlyForDeploymentPostprocessing = 0;
		};
		CF8A75D323291013001582C7 /* Resources */ = {
			isa = PBXResourcesBuildPhase;
			buildActionMask = 2147483647;
			files = (
			);
			runOnlyForDeploymentPostprocessing = 0;
		};
/* End PBXResourcesBuildPhase section */

/* Begin PBXSourcesBuildPhase section */
		CF8A75832322544F001582C7 /* Sources */ = {
			isa = PBXSourcesBuildPhase;
			buildActionMask = 2147483647;
			files = (
				CF8A75AA23279E26001582C7 /* GraphicsView.swift in Sources */,
				CF98100B233AA3AD0090AEDE /* UIBotOperation.swift in Sources */,
				CF8A75A823279D3F001582C7 /* Graphic.swift in Sources */,
				CF8A758D2322544F001582C7 /* RouteViewController.swift in Sources */,
				CF8A75EE232AE134001582C7 /* DashedLineView.swift in Sources */,
				CF98101B233D41480090AEDE /* Globals.swift in Sources */,
				CF8A75E6232A69BF001582C7 /* UIBot.swift in Sources */,
				CF8A75B423283F8B001582C7 /* Arrow.swift in Sources */,
				CF8A75B72328413A001582C7 /* CGPoint+.swift in Sources */,
				CF8A75932322544F001582C7 /* RouteSimulator.xcdatamodeld in Sources */,
				CF8A75B023283F58001582C7 /* Crosshairs.swift in Sources */,
				CF8A758B2322544F001582C7 /* AppDelegate.swift in Sources */,
				CFCFBDA8241B895A006D442F /* Route.swift in Sources */,
				CF8A75F7232C3AF0001582C7 /* NSLayoutConstraint+.swift in Sources */,
				CF981009233AA3780090AEDE /* UIBotSequence.swift in Sources */,
				CF8A75AC23283F08001582C7 /* Circle.swift in Sources */,
				CF8A75B92328DDAE001582C7 /* LineSector.swift in Sources */,
				CF13BF12241B7D090064E59A /* Blockable.swift in Sources */,
				CF8A75EC232AE02C001582C7 /* BotTestsDashboardViewController.swift in Sources */,
				CF8A75BB2328E158001582C7 /* Direction.swift in Sources */,
				CF7656B52362E50000A7CD2E /* CGRect+.swift in Sources */,
			);
			runOnlyForDeploymentPostprocessing = 0;
		};
		CF8A75D123291013001582C7 /* Sources */ = {
			isa = PBXSourcesBuildPhase;
			buildActionMask = 2147483647;
			files = (
				CF2B4A84233A1A3D008DFAD4 /* Graphic.swift in Sources */,
				CF2B4A83233A1A34008DFAD4 /* Circle.swift in Sources */,
				CF2B4A85233A1A54008DFAD4 /* LineSector.swift in Sources */,
				CF2B4A89233A1BA5008DFAD4 /* CGPoint+.swift in Sources */,
				CF2B4A87233A1B83008DFAD4 /* GraphicsView.swift in Sources */,
				CF981013233B7E7D0090AEDE /* Sequences.swift in Sources */,
				CF98101C233D41910090AEDE /* Globals.swift in Sources */,
				CF2B4A82233A1A2A008DFAD4 /* Arrow.swift in Sources */,
				CF981011233B7D990090AEDE /* UIBotTest.swift in Sources */,
				CF98100D233B63AE0090AEDE /* UISequenceTest.swift in Sources */,
				CF8A75D823291013001582C7 /* RouteTests.swift in Sources */,
				CF2B4A88233A1B95008DFAD4 /* Crosshairs.swift in Sources */,
				CF2B4A8C233A1C3D008DFAD4 /* NSLayoutConstraint+.swift in Sources */,
				CF2B4A8A233A1BF6008DFAD4 /* Direction.swift in Sources */,
			);
			runOnlyForDeploymentPostprocessing = 0;
		};
/* End PBXSourcesBuildPhase section */

/* Begin PBXTargetDependency section */
		CF8A75DB23291013001582C7 /* PBXTargetDependency */ = {
			isa = PBXTargetDependency;
			target = CF8A75862322544F001582C7 /* RouteSimulator */;
			targetProxy = CF8A75DA23291013001582C7 /* PBXContainerItemProxy */;
		};
/* End PBXTargetDependency section */

/* Begin PBXVariantGroup section */
		CF8A758E2322544F001582C7 /* Main.storyboard */ = {
			isa = PBXVariantGroup;
			children = (
				CF8A758F2322544F001582C7 /* Base */,
			);
			name = Main.storyboard;
			sourceTree = "<group>";
		};
		CF8A759623225450001582C7 /* LaunchScreen.storyboard */ = {
			isa = PBXVariantGroup;
			children = (
				CF8A759723225450001582C7 /* Base */,
			);
			name = LaunchScreen.storyboard;
			sourceTree = "<group>";
		};
/* End PBXVariantGroup section */

/* Begin XCBuildConfiguration section */
		CF8A759A23225450001582C7 /* Debug */ = {
			isa = XCBuildConfiguration;
			buildSettings = {
				ALWAYS_SEARCH_USER_PATHS = NO;
				CLANG_ANALYZER_NONNULL = YES;
				CLANG_ANALYZER_NUMBER_OBJECT_CONVERSION = YES_AGGRESSIVE;
				CLANG_CXX_LANGUAGE_STANDARD = "gnu++14";
				CLANG_CXX_LIBRARY = "libc++";
				CLANG_ENABLE_MODULES = YES;
				CLANG_ENABLE_OBJC_ARC = YES;
				CLANG_ENABLE_OBJC_WEAK = YES;
				CLANG_WARN_BLOCK_CAPTURE_AUTORELEASING = YES;
				CLANG_WARN_BOOL_CONVERSION = YES;
				CLANG_WARN_COMMA = YES;
				CLANG_WARN_CONSTANT_CONVERSION = YES;
				CLANG_WARN_DEPRECATED_OBJC_IMPLEMENTATIONS = YES;
				CLANG_WARN_DIRECT_OBJC_ISA_USAGE = YES_ERROR;
				CLANG_WARN_DOCUMENTATION_COMMENTS = YES;
				CLANG_WARN_EMPTY_BODY = YES;
				CLANG_WARN_ENUM_CONVERSION = YES;
				CLANG_WARN_INFINITE_RECURSION = YES;
				CLANG_WARN_INT_CONVERSION = YES;
				CLANG_WARN_NON_LITERAL_NULL_CONVERSION = YES;
				CLANG_WARN_OBJC_IMPLICIT_RETAIN_SELF = YES;
				CLANG_WARN_OBJC_LITERAL_CONVERSION = YES;
				CLANG_WARN_OBJC_ROOT_CLASS = YES_ERROR;
				CLANG_WARN_RANGE_LOOP_ANALYSIS = YES;
				CLANG_WARN_STRICT_PROTOTYPES = YES;
				CLANG_WARN_SUSPICIOUS_MOVE = YES;
				CLANG_WARN_UNGUARDED_AVAILABILITY = YES_AGGRESSIVE;
				CLANG_WARN_UNREACHABLE_CODE = YES;
				CLANG_WARN__DUPLICATE_METHOD_MATCH = YES;
				CODE_SIGN_IDENTITY = "iPhone Developer";
				COPY_PHASE_STRIP = NO;
				DEBUG_INFORMATION_FORMAT = dwarf;
				ENABLE_STRICT_OBJC_MSGSEND = YES;
				ENABLE_TESTABILITY = YES;
				GCC_C_LANGUAGE_STANDARD = gnu11;
				GCC_DYNAMIC_NO_PIC = NO;
				GCC_NO_COMMON_BLOCKS = YES;
				GCC_OPTIMIZATION_LEVEL = 0;
				GCC_PREPROCESSOR_DEFINITIONS = (
					"DEBUG=1",
					"$(inherited)",
				);
				GCC_WARN_64_TO_32_BIT_CONVERSION = YES;
				GCC_WARN_ABOUT_RETURN_TYPE = YES_ERROR;
				GCC_WARN_UNDECLARED_SELECTOR = YES;
				GCC_WARN_UNINITIALIZED_AUTOS = YES_AGGRESSIVE;
				GCC_WARN_UNUSED_FUNCTION = YES;
				GCC_WARN_UNUSED_VARIABLE = YES;
				IPHONEOS_DEPLOYMENT_TARGET = 12.4;
				MTL_ENABLE_DEBUG_INFO = INCLUDE_SOURCE;
				MTL_FAST_MATH = YES;
				ONLY_ACTIVE_ARCH = YES;
				SDKROOT = iphoneos;
				SWIFT_ACTIVE_COMPILATION_CONDITIONS = DEBUG;
				SWIFT_OPTIMIZATION_LEVEL = "-Onone";
			};
			name = Debug;
		};
		CF8A759B23225450001582C7 /* Release */ = {
			isa = XCBuildConfiguration;
			buildSettings = {
				ALWAYS_SEARCH_USER_PATHS = NO;
				CLANG_ANALYZER_NONNULL = YES;
				CLANG_ANALYZER_NUMBER_OBJECT_CONVERSION = YES_AGGRESSIVE;
				CLANG_CXX_LANGUAGE_STANDARD = "gnu++14";
				CLANG_CXX_LIBRARY = "libc++";
				CLANG_ENABLE_MODULES = YES;
				CLANG_ENABLE_OBJC_ARC = YES;
				CLANG_ENABLE_OBJC_WEAK = YES;
				CLANG_WARN_BLOCK_CAPTURE_AUTORELEASING = YES;
				CLANG_WARN_BOOL_CONVERSION = YES;
				CLANG_WARN_COMMA = YES;
				CLANG_WARN_CONSTANT_CONVERSION = YES;
				CLANG_WARN_DEPRECATED_OBJC_IMPLEMENTATIONS = YES;
				CLANG_WARN_DIRECT_OBJC_ISA_USAGE = YES_ERROR;
				CLANG_WARN_DOCUMENTATION_COMMENTS = YES;
				CLANG_WARN_EMPTY_BODY = YES;
				CLANG_WARN_ENUM_CONVERSION = YES;
				CLANG_WARN_INFINITE_RECURSION = YES;
				CLANG_WARN_INT_CONVERSION = YES;
				CLANG_WARN_NON_LITERAL_NULL_CONVERSION = YES;
				CLANG_WARN_OBJC_IMPLICIT_RETAIN_SELF = YES;
				CLANG_WARN_OBJC_LITERAL_CONVERSION = YES;
				CLANG_WARN_OBJC_ROOT_CLASS = YES_ERROR;
				CLANG_WARN_RANGE_LOOP_ANALYSIS = YES;
				CLANG_WARN_STRICT_PROTOTYPES = YES;
				CLANG_WARN_SUSPICIOUS_MOVE = YES;
				CLANG_WARN_UNGUARDED_AVAILABILITY = YES_AGGRESSIVE;
				CLANG_WARN_UNREACHABLE_CODE = YES;
				CLANG_WARN__DUPLICATE_METHOD_MATCH = YES;
				CODE_SIGN_IDENTITY = "iPhone Developer";
				COPY_PHASE_STRIP = NO;
				DEBUG_INFORMATION_FORMAT = "dwarf-with-dsym";
				ENABLE_NS_ASSERTIONS = NO;
				ENABLE_STRICT_OBJC_MSGSEND = YES;
				GCC_C_LANGUAGE_STANDARD = gnu11;
				GCC_NO_COMMON_BLOCKS = YES;
				GCC_WARN_64_TO_32_BIT_CONVERSION = YES;
				GCC_WARN_ABOUT_RETURN_TYPE = YES_ERROR;
				GCC_WARN_UNDECLARED_SELECTOR = YES;
				GCC_WARN_UNINITIALIZED_AUTOS = YES_AGGRESSIVE;
				GCC_WARN_UNUSED_FUNCTION = YES;
				GCC_WARN_UNUSED_VARIABLE = YES;
				IPHONEOS_DEPLOYMENT_TARGET = 12.4;
				MTL_ENABLE_DEBUG_INFO = NO;
				MTL_FAST_MATH = YES;
				SDKROOT = iphoneos;
				SWIFT_COMPILATION_MODE = wholemodule;
				SWIFT_OPTIMIZATION_LEVEL = "-O";
				VALIDATE_PRODUCT = YES;
			};
			name = Release;
		};
		CF8A759D23225450001582C7 /* Debug */ = {
			isa = XCBuildConfiguration;
			buildSettings = {
				ASSETCATALOG_COMPILER_APPICON_NAME = AppIcon;
				CODE_SIGN_STYLE = Automatic;
				DEVELOPMENT_TEAM = RLT3Y7VWF4;
				INFOPLIST_FILE = RouteSimulator/Info.plist;
				LD_RUNPATH_SEARCH_PATHS = (
					"$(inherited)",
					"@executable_path/Frameworks",
				);
				PRODUCT_BUNDLE_IDENTIFIER = com.paulpatterson.RouteSimulator;
				PRODUCT_NAME = "$(TARGET_NAME)";
				SWIFT_VERSION = 5.0;
				TARGETED_DEVICE_FAMILY = "1,2";
			};
			name = Debug;
		};
		CF8A759E23225450001582C7 /* Release */ = {
			isa = XCBuildConfiguration;
			buildSettings = {
				ASSETCATALOG_COMPILER_APPICON_NAME = AppIcon;
				CODE_SIGN_STYLE = Automatic;
				DEVELOPMENT_TEAM = RLT3Y7VWF4;
				INFOPLIST_FILE = RouteSimulator/Info.plist;
				LD_RUNPATH_SEARCH_PATHS = (
					"$(inherited)",
					"@executable_path/Frameworks",
				);
				PRODUCT_BUNDLE_IDENTIFIER = com.paulpatterson.RouteSimulator;
				PRODUCT_NAME = "$(TARGET_NAME)";
				SWIFT_VERSION = 5.0;
				TARGETED_DEVICE_FAMILY = "1,2";
			};
			name = Release;
		};
		CF8A75DD23291013001582C7 /* Debug */ = {
			isa = XCBuildConfiguration;
			buildSettings = {
				BUNDLE_LOADER = "$(TEST_HOST)";
				CODE_SIGN_STYLE = Automatic;
				DEVELOPMENT_TEAM = RLT3Y7VWF4;
				INFOPLIST_FILE = RouteSimulatorTests/Info.plist;
				LD_RUNPATH_SEARCH_PATHS = (
					"$(inherited)",
					"@executable_path/Frameworks",
					"@loader_path/Frameworks",
				);
				PRODUCT_BUNDLE_IDENTIFIER = com.paulpatterson.RouteSimulatorTests;
				PRODUCT_NAME = "$(TARGET_NAME)";
				SWIFT_VERSION = 5.0;
				TARGETED_DEVICE_FAMILY = "1,2";
				TEST_HOST = "$(BUILT_PRODUCTS_DIR)/RouteSimulator.app/RouteSimulator";
			};
			name = Debug;
		};
		CF8A75DE23291013001582C7 /* Release */ = {
			isa = XCBuildConfiguration;
			buildSettings = {
				BUNDLE_LOADER = "$(TEST_HOST)";
				CODE_SIGN_STYLE = Automatic;
				DEVELOPMENT_TEAM = RLT3Y7VWF4;
				INFOPLIST_FILE = RouteSimulatorTests/Info.plist;
				LD_RUNPATH_SEARCH_PATHS = (
					"$(inherited)",
					"@executable_path/Frameworks",
					"@loader_path/Frameworks",
				);
				PRODUCT_BUNDLE_IDENTIFIER = com.paulpatterson.RouteSimulatorTests;
				PRODUCT_NAME = "$(TARGET_NAME)";
				SWIFT_VERSION = 5.0;
				TARGETED_DEVICE_FAMILY = "1,2";
				TEST_HOST = "$(BUILT_PRODUCTS_DIR)/RouteSimulator.app/RouteSimulator";
			};
			name = Release;
		};
/* End XCBuildConfiguration section */

/* Begin XCConfigurationList section */
		CF8A75822322544F001582C7 /* Build configuration list for PBXProject "RouteSimulator" */ = {
			isa = XCConfigurationList;
			buildConfigurations = (
				CF8A759A23225450001582C7 /* Debug */,
				CF8A759B23225450001582C7 /* Release */,
			);
			defaultConfigurationIsVisible = 0;
			defaultConfigurationName = Release;
		};
		CF8A759C23225450001582C7 /* Build configuration list for PBXNativeTarget "RouteSimulator" */ = {
			isa = XCConfigurationList;
			buildConfigurations = (
				CF8A759D23225450001582C7 /* Debug */,
				CF8A759E23225450001582C7 /* Release */,
			);
			defaultConfigurationIsVisible = 0;
			defaultConfigurationName = Release;
		};
		CF8A75DC23291013001582C7 /* Build configuration list for PBXNativeTarget "RouteSimulatorTests" */ = {
			isa = XCConfigurationList;
			buildConfigurations = (
				CF8A75DD23291013001582C7 /* Debug */,
				CF8A75DE23291013001582C7 /* Release */,
			);
			defaultConfigurationIsVisible = 0;
			defaultConfigurationName = Release;
		};
/* End XCConfigurationList section */

/* Begin XCVersionGroup section */
		CF8A75912322544F001582C7 /* RouteSimulator.xcdatamodeld */ = {
			isa = XCVersionGroup;
			children = (
				CF8A75922322544F001582C7 /* RouteSimulator.xcdatamodel */,
			);
			currentVersion = CF8A75922322544F001582C7 /* RouteSimulator.xcdatamodel */;
			path = RouteSimulator.xcdatamodeld;
			sourceTree = "<group>";
			versionGroupType = wrapper.xcdatamodel;
		};
/* End XCVersionGroup section */
	};
	rootObject = CF8A757F2322544F001582C7 /* Project object */;
}
